
Microsoft Visual Studio Solution File, Format Version 12.00
# Visual Studio Version 16
VisualStudioVersion = 16.0.29519.87
MinimumVisualStudioVersion = 10.0.40219.1
Project("{FAE04EC0-301F-11D3-BF4B-00C04F79EFBC}") = "Day Of Weak", "Day Of Weak\Day Of Weak.csproj", "{3CFF538E-0250-4B86-98C7-8545482E2614}"
EndProject
Global
	GlobalSection(SolutionConfigurationPlatforms) = preSolution
		Debug|Any CPU = Debug|Any CPU
		Release|Any CPU = Release|Any CPU
	EndGlobalSection
	GlobalSection(ProjectConfigurationPlatforms) = postSolution
		{3CFF538E-0250-4B86-98C7-8545482E2614}.Debug|Any CPU.ActiveCfg = Debug|Any CPU
		{3CFF538E-0250-4B86-98C7-8545482E2614}.Debug|Any CPU.Build.0 = Debug|Any CPU
		{3CFF538E-0250-4B86-98C7-8545482E2614}.Release|Any CPU.ActiveCfg = Release|Any CPU
		{3CFF538E-0250-4B86-98C7-8545482E2614}.Release|Any CPU.Build.0 = Release|Any CPU
	EndGlobalSection
	GlobalSection(SolutionProperties) = preSolution
		HideSolutionNode = FALSE
	EndGlobalSection
	GlobalSection(ExtensibilityGlobals) = postSolution
		SolutionGuid = {560546DD-628F-4938-AEF3-FA1F6AF0DF15}
	EndGlobalSection
EndGlobal
