
Microsoft Visual Studio Solution File, Format Version 12.00
# Visual Studio Version 16
VisualStudioVersion = 16.0.29418.71
MinimumVisualStudioVersion = 10.0.40219.1
Project("{FAE04EC0-301F-11D3-BF4B-00C04F79EFBC}") = "HomeWorkOne", "HomeWorkOne\HomeWorkOne.csproj", "{4AB12A6D-FC74-4CFC-9EA5-82C6240A1244}"
EndProject
Project("{FAE04EC0-301F-11D3-BF4B-00C04F79EFBC}") = "HomeWorkSecond", "HomeWorkSecond\HomeWorkSecond.csproj", "{91B8E6B3-92CE-4AD0-8D9A-A04FE2DAB369}"
EndProject
Global
	GlobalSection(SolutionConfigurationPlatforms) = preSolution
		Debug|Any CPU = Debug|Any CPU
		Release|Any CPU = Release|Any CPU
	EndGlobalSection
	GlobalSection(ProjectConfigurationPlatforms) = postSolution
		{4AB12A6D-FC74-4CFC-9EA5-82C6240A1244}.Debug|Any CPU.ActiveCfg = Debug|Any CPU
		{4AB12A6D-FC74-4CFC-9EA5-82C6240A1244}.Debug|Any CPU.Build.0 = Debug|Any CPU
		{4AB12A6D-FC74-4CFC-9EA5-82C6240A1244}.Release|Any CPU.ActiveCfg = Release|Any CPU
		{4AB12A6D-FC74-4CFC-9EA5-82C6240A1244}.Release|Any CPU.Build.0 = Release|Any CPU
		{91B8E6B3-92CE-4AD0-8D9A-A04FE2DAB369}.Debug|Any CPU.ActiveCfg = Debug|Any CPU
		{91B8E6B3-92CE-4AD0-8D9A-A04FE2DAB369}.Debug|Any CPU.Build.0 = Debug|Any CPU
		{91B8E6B3-92CE-4AD0-8D9A-A04FE2DAB369}.Release|Any CPU.ActiveCfg = Release|Any CPU
		{91B8E6B3-92CE-4AD0-8D9A-A04FE2DAB369}.Release|Any CPU.Build.0 = Release|Any CPU
	EndGlobalSection
	GlobalSection(SolutionProperties) = preSolution
		HideSolutionNode = FALSE
	EndGlobalSection
	GlobalSection(ExtensibilityGlobals) = postSolution
		SolutionGuid = {932DCC49-F917-4311-AC57-7235C8C679E9}
	EndGlobalSection
EndGlobal
