
Microsoft Visual Studio Solution File, Format Version 12.00
# Visual Studio Version 16
VisualStudioVersion = 16.0.29418.71
MinimumVisualStudioVersion = 10.0.40219.1
Project("{FAE04EC0-301F-11D3-BF4B-00C04F79EFBC}") = "Finally", "Finally\Finally.csproj", "{7CCFCE7B-5AEE-455B-AEB3-3C6EC8F43177}"
EndProject
Global
	GlobalSection(SolutionConfigurationPlatforms) = preSolution
		Debug|Any CPU = Debug|Any CPU
		Release|Any CPU = Release|Any CPU
	EndGlobalSection
	GlobalSection(ProjectConfigurationPlatforms) = postSolution
		{7CCFCE7B-5AEE-455B-AEB3-3C6EC8F43177}.Debug|Any CPU.ActiveCfg = Debug|Any CPU
		{7CCFCE7B-5AEE-455B-AEB3-3C6EC8F43177}.Debug|Any CPU.Build.0 = Debug|Any CPU
		{7CCFCE7B-5AEE-455B-AEB3-3C6EC8F43177}.Release|Any CPU.ActiveCfg = Release|Any CPU
		{7CCFCE7B-5AEE-455B-AEB3-3C6EC8F43177}.Release|Any CPU.Build.0 = Release|Any CPU
	EndGlobalSection
	GlobalSection(SolutionProperties) = preSolution
		HideSolutionNode = FALSE
	EndGlobalSection
	GlobalSection(ExtensibilityGlobals) = postSolution
		SolutionGuid = {B85AD631-E3B8-4F41-B936-3974E791DBFF}
	EndGlobalSection
EndGlobal
