
Microsoft Visual Studio Solution File, Format Version 12.00
# Visual Studio Version 16
VisualStudioVersion = 16.0.29519.87
MinimumVisualStudioVersion = 10.0.40219.1
Project("{FAE04EC0-301F-11D3-BF4B-00C04F79EFBC}") = "HomeW3.3", "HomeW3.3.csproj", "{AD326AED-AE5F-4772-91CC-7BCD122D502E}"
EndProject
Global
	GlobalSection(SolutionConfigurationPlatforms) = preSolution
		Debug|Any CPU = Debug|Any CPU
		Release|Any CPU = Release|Any CPU
	EndGlobalSection
	GlobalSection(ProjectConfigurationPlatforms) = postSolution
		{AD326AED-AE5F-4772-91CC-7BCD122D502E}.Debug|Any CPU.ActiveCfg = Debug|Any CPU
		{AD326AED-AE5F-4772-91CC-7BCD122D502E}.Debug|Any CPU.Build.0 = Debug|Any CPU
		{AD326AED-AE5F-4772-91CC-7BCD122D502E}.Release|Any CPU.ActiveCfg = Release|Any CPU
		{AD326AED-AE5F-4772-91CC-7BCD122D502E}.Release|Any CPU.Build.0 = Release|Any CPU
	EndGlobalSection
	GlobalSection(SolutionProperties) = preSolution
		HideSolutionNode = FALSE
	EndGlobalSection
	GlobalSection(ExtensibilityGlobals) = postSolution
		SolutionGuid = {D09690A4-B310-4CA4-B7D7-3E1D3D394D1B}
	EndGlobalSection
EndGlobal
