
Microsoft Visual Studio Solution File, Format Version 12.00
# Visual Studio Version 16
VisualStudioVersion = 16.0.29519.87
MinimumVisualStudioVersion = 10.0.40219.1
Project("{FAE04EC0-301F-11D3-BF4B-00C04F79EFBC}") = "FirstAdoSales", "FirstAdo\FirstAdoSales.csproj", "{DC62AC3A-3228-4F9A-9CB9-E05CB81E190D}"
EndProject
Global
	GlobalSection(SolutionConfigurationPlatforms) = preSolution
		Debug|Any CPU = Debug|Any CPU
		Release|Any CPU = Release|Any CPU
	EndGlobalSection
	GlobalSection(ProjectConfigurationPlatforms) = postSolution
		{DC62AC3A-3228-4F9A-9CB9-E05CB81E190D}.Debug|Any CPU.ActiveCfg = Debug|Any CPU
		{DC62AC3A-3228-4F9A-9CB9-E05CB81E190D}.Debug|Any CPU.Build.0 = Debug|Any CPU
		{DC62AC3A-3228-4F9A-9CB9-E05CB81E190D}.Release|Any CPU.ActiveCfg = Release|Any CPU
		{DC62AC3A-3228-4F9A-9CB9-E05CB81E190D}.Release|Any CPU.Build.0 = Release|Any CPU
	EndGlobalSection
	GlobalSection(SolutionProperties) = preSolution
		HideSolutionNode = FALSE
	EndGlobalSection
	GlobalSection(ExtensibilityGlobals) = postSolution
		SolutionGuid = {9EE056AF-0F39-49AF-A160-B8C72E3DF1D1}
	EndGlobalSection
EndGlobal
