
Microsoft Visual Studio Solution File, Format Version 12.00
# Visual Studio Version 16
VisualStudioVersion = 16.0.29418.71
MinimumVisualStudioVersion = 10.0.40219.1
Project("{FAE04EC0-301F-11D3-BF4B-00C04F79EFBC}") = "NewThree", "NewThree\NewThree.csproj", "{A5C7FE9A-85DE-4EC0-912A-5630FB8D2EDD}"
EndProject
Global
	GlobalSection(SolutionConfigurationPlatforms) = preSolution
		Debug|Any CPU = Debug|Any CPU
		Release|Any CPU = Release|Any CPU
	EndGlobalSection
	GlobalSection(ProjectConfigurationPlatforms) = postSolution
		{A5C7FE9A-85DE-4EC0-912A-5630FB8D2EDD}.Debug|Any CPU.ActiveCfg = Debug|Any CPU
		{A5C7FE9A-85DE-4EC0-912A-5630FB8D2EDD}.Debug|Any CPU.Build.0 = Debug|Any CPU
		{A5C7FE9A-85DE-4EC0-912A-5630FB8D2EDD}.Release|Any CPU.ActiveCfg = Release|Any CPU
		{A5C7FE9A-85DE-4EC0-912A-5630FB8D2EDD}.Release|Any CPU.Build.0 = Release|Any CPU
	EndGlobalSection
	GlobalSection(SolutionProperties) = preSolution
		HideSolutionNode = FALSE
	EndGlobalSection
	GlobalSection(ExtensibilityGlobals) = postSolution
		SolutionGuid = {EA243FAF-0EBA-4F5A-AC2A-3AFAA6B87AD8}
	EndGlobalSection
EndGlobal
