
Microsoft Visual Studio Solution File, Format Version 12.00
# Visual Studio Version 16
VisualStudioVersion = 16.0.29503.13
MinimumVisualStudioVersion = 10.0.40219.1
Project("{FAE04EC0-301F-11D3-BF4B-00C04F79EFBC}") = "HomeWorkSix", "HomeWorkSix\HomeWorkSix.csproj", "{72684DD0-5C43-43F3-B435-54AEBA210707}"
EndProject
Global
	GlobalSection(SolutionConfigurationPlatforms) = preSolution
		Debug|Any CPU = Debug|Any CPU
		Release|Any CPU = Release|Any CPU
	EndGlobalSection
	GlobalSection(ProjectConfigurationPlatforms) = postSolution
		{72684DD0-5C43-43F3-B435-54AEBA210707}.Debug|Any CPU.ActiveCfg = Debug|Any CPU
		{72684DD0-5C43-43F3-B435-54AEBA210707}.Debug|Any CPU.Build.0 = Debug|Any CPU
		{72684DD0-5C43-43F3-B435-54AEBA210707}.Release|Any CPU.ActiveCfg = Release|Any CPU
		{72684DD0-5C43-43F3-B435-54AEBA210707}.Release|Any CPU.Build.0 = Release|Any CPU
	EndGlobalSection
	GlobalSection(SolutionProperties) = preSolution
		HideSolutionNode = FALSE
	EndGlobalSection
	GlobalSection(ExtensibilityGlobals) = postSolution
		SolutionGuid = {8B5D65CC-B94E-46E2-8FA6-761361BCA294}
	EndGlobalSection
EndGlobal
