
Microsoft Visual Studio Solution File, Format Version 12.00
# Visual Studio 15
VisualStudioVersion = 15.0.28307.539
MinimumVisualStudioVersion = 10.0.40219.1
Project("{8BC9CEB8-8B4A-11D0-8D11-00A0C91BC942}") = "var", "var.vcxproj", "{1E77A578-AA25-48AE-8B20-0DCDE39C7B75}"
EndProject
Global
	GlobalSection(SolutionConfigurationPlatforms) = preSolution
		Debug|x64 = Debug|x64
		Debug|x86 = Debug|x86
		Release|x64 = Release|x64
		Release|x86 = Release|x86
	EndGlobalSection
	GlobalSection(ProjectConfigurationPlatforms) = postSolution
		{1E77A578-AA25-48AE-8B20-0DCDE39C7B75}.Debug|x64.ActiveCfg = Debug|x64
		{1E77A578-AA25-48AE-8B20-0DCDE39C7B75}.Debug|x64.Build.0 = Debug|x64
		{1E77A578-AA25-48AE-8B20-0DCDE39C7B75}.Debug|x86.ActiveCfg = Debug|Win32
		{1E77A578-AA25-48AE-8B20-0DCDE39C7B75}.Debug|x86.Build.0 = Debug|Win32
		{1E77A578-AA25-48AE-8B20-0DCDE39C7B75}.Release|x64.ActiveCfg = Release|x64
		{1E77A578-AA25-48AE-8B20-0DCDE39C7B75}.Release|x64.Build.0 = Release|x64
		{1E77A578-AA25-48AE-8B20-0DCDE39C7B75}.Release|x86.ActiveCfg = Release|Win32
		{1E77A578-AA25-48AE-8B20-0DCDE39C7B75}.Release|x86.Build.0 = Release|Win32
	EndGlobalSection
	GlobalSection(SolutionProperties) = preSolution
		HideSolutionNode = FALSE
	EndGlobalSection
	GlobalSection(ExtensibilityGlobals) = postSolution
		SolutionGuid = {07FC7734-D3D5-4D32-BCDE-C4D710E71408}
	EndGlobalSection
EndGlobal
