
Microsoft Visual Studio Solution File, Format Version 12.00
# Visual Studio Version 16
VisualStudioVersion = 16.0.30011.22
MinimumVisualStudioVersion = 10.0.40219.1
Project("{FAE04EC0-301F-11D3-BF4B-00C04F79EFBC}") = "HW3(Model)", "HW3(Model).csproj", "{500659DE-FF73-4D12-8226-1FC59FC17F0C}"
EndProject
Global
	GlobalSection(SolutionConfigurationPlatforms) = preSolution
		Debug|Any CPU = Debug|Any CPU
		Release|Any CPU = Release|Any CPU
	EndGlobalSection
	GlobalSection(ProjectConfigurationPlatforms) = postSolution
		{500659DE-FF73-4D12-8226-1FC59FC17F0C}.Debug|Any CPU.ActiveCfg = Debug|Any CPU
		{500659DE-FF73-4D12-8226-1FC59FC17F0C}.Debug|Any CPU.Build.0 = Debug|Any CPU
		{500659DE-FF73-4D12-8226-1FC59FC17F0C}.Release|Any CPU.ActiveCfg = Release|Any CPU
		{500659DE-FF73-4D12-8226-1FC59FC17F0C}.Release|Any CPU.Build.0 = Release|Any CPU
	EndGlobalSection
	GlobalSection(SolutionProperties) = preSolution
		HideSolutionNode = FALSE
	EndGlobalSection
	GlobalSection(ExtensibilityGlobals) = postSolution
		SolutionGuid = {306FBB10-8C1A-46B2-8460-5E599D6F4F62}
	EndGlobalSection
EndGlobal
